
Microsoft Visual Studio Solution File, Format Version 12.00
# Visual Studio Version 16
VisualStudioVersion = 16.0.30621.155
MinimumVisualStudioVersion = 10.0.40219.1
Project("{FAE04EC0-301F-11D3-BF4B-00C04F79EFBC}") = "JControl.Base.DbDesginer", "JControl.Base.DbDesginer\JControl.Base.DbDesginer.csproj", "{BFD23F6A-EEA4-46BA-90D6-3DDAD3EC7014}"
EndProject
Project("{9A19103F-16F7-4668-BE54-9A1E7A4F7556}") = "JControl.Base.DAL", "JControl.Base.Dal\JControl.Base.DAL.csproj", "{21531A39-93DD-4A84-8642-6EDE9C31E82A}"
EndProject
Project("{FAE04EC0-301F-11D3-BF4B-00C04F79EFBC}") = "JControl.Base.Dal_Test", "JControl.Base.Dal_Test\JControl.Base.Dal_Test.csproj", "{1704C26F-6774-477F-9904-C8E3502A92FC}"
EndProject
Project("{9A19103F-16F7-4668-BE54-9A1E7A4F7556}") = "JControl.Base.Models", "JControl.Base.Models\JControl.Base.Models.csproj", "{193F35CF-B1D1-4959-B27F-58EB06965A72}"
EndProject
Project("{2150E333-8FDC-42A3-9474-1A3956D46DE8}") = "ControlSystem", "ControlSystem", "{3F5864F0-F032-4FA4-A703-451F6B1E4B7A}"
EndProject
Project("{FAE04EC0-301F-11D3-BF4B-00C04F79EFBC}") = "JControl.Base.DTO", "JControl.Base.DTO\JControl.Base.DTO.csproj", "{D994788C-B72F-4351-92F3-CF14E1AE435F}"
EndProject
Project("{FAE04EC0-301F-11D3-BF4B-00C04F79EFBC}") = "JControl.Base.BLL", "JControl.Base.BLL\JControl.Base.BLL.csproj", "{E44410FB-DE3F-4BDD-BF6F-ECBFCAE259AE}"
EndProject
Project("{FAE04EC0-301F-11D3-BF4B-00C04F79EFBC}") = "JControl.Wpf.Client", "JControl.Wpf.Client\JControl.Wpf.Client.csproj", "{26704FA2-BD7C-4EB4-81EB-6BEAE5CB4AF5}"
EndProject
Project("{FAE04EC0-301F-11D3-BF4B-00C04F79EFBC}") = "JControl.ViewBase.Styles", "JControl.ViewBase.Styles\JControl.ViewBase.Styles.csproj", "{4C8A46CB-90F9-457F-91D7-7186BD168CA4}"
EndProject
Project("{9A19103F-16F7-4668-BE54-9A1E7A4F7556}") = "ConsoleApp1", "ConsoleApp1\ConsoleApp1.csproj", "{06109F63-AC24-4ABE-8665-B514C6B485F5}"
EndProject
Project("{2150E333-8FDC-42A3-9474-1A3956D46DE8}") = "DAL", "DAL", "{2615ADF6-9F0E-4D94-99B9-1F44B638E374}"
EndProject
Project("{2150E333-8FDC-42A3-9474-1A3956D46DE8}") = "BLL", "BLL", "{C5984BD2-1A93-4B60-AAC5-DF585A7AE24D}"
EndProject
Project("{2150E333-8FDC-42A3-9474-1A3956D46DE8}") = "MVVM", "MVVM", "{4C233B47-915F-4F27-A5D6-57144718A4C1}"
EndProject
Global
	GlobalSection(SolutionConfigurationPlatforms) = preSolution
		Debug|Any CPU = Debug|Any CPU
		Release|Any CPU = Release|Any CPU
	EndGlobalSection
	GlobalSection(ProjectConfigurationPlatforms) = postSolution
		{BFD23F6A-EEA4-46BA-90D6-3DDAD3EC7014}.Debug|Any CPU.ActiveCfg = Debug|Any CPU
		{BFD23F6A-EEA4-46BA-90D6-3DDAD3EC7014}.Debug|Any CPU.Build.0 = Debug|Any CPU
		{BFD23F6A-EEA4-46BA-90D6-3DDAD3EC7014}.Release|Any CPU.ActiveCfg = Release|Any CPU
		{BFD23F6A-EEA4-46BA-90D6-3DDAD3EC7014}.Release|Any CPU.Build.0 = Release|Any CPU
		{21531A39-93DD-4A84-8642-6EDE9C31E82A}.Debug|Any CPU.ActiveCfg = Debug|Any CPU
		{21531A39-93DD-4A84-8642-6EDE9C31E82A}.Debug|Any CPU.Build.0 = Debug|Any CPU
		{21531A39-93DD-4A84-8642-6EDE9C31E82A}.Release|Any CPU.ActiveCfg = Release|Any CPU
		{21531A39-93DD-4A84-8642-6EDE9C31E82A}.Release|Any CPU.Build.0 = Release|Any CPU
		{1704C26F-6774-477F-9904-C8E3502A92FC}.Debug|Any CPU.ActiveCfg = Debug|Any CPU
		{1704C26F-6774-477F-9904-C8E3502A92FC}.Debug|Any CPU.Build.0 = Debug|Any CPU
		{1704C26F-6774-477F-9904-C8E3502A92FC}.Release|Any CPU.ActiveCfg = Release|Any CPU
		{1704C26F-6774-477F-9904-C8E3502A92FC}.Release|Any CPU.Build.0 = Release|Any CPU
		{193F35CF-B1D1-4959-B27F-58EB06965A72}.Debug|Any CPU.ActiveCfg = Debug|Any CPU
		{193F35CF-B1D1-4959-B27F-58EB06965A72}.Debug|Any CPU.Build.0 = Debug|Any CPU
		{193F35CF-B1D1-4959-B27F-58EB06965A72}.Release|Any CPU.ActiveCfg = Release|Any CPU
		{193F35CF-B1D1-4959-B27F-58EB06965A72}.Release|Any CPU.Build.0 = Release|Any CPU
		{D994788C-B72F-4351-92F3-CF14E1AE435F}.Debug|Any CPU.ActiveCfg = Debug|Any CPU
		{D994788C-B72F-4351-92F3-CF14E1AE435F}.Debug|Any CPU.Build.0 = Debug|Any CPU
		{D994788C-B72F-4351-92F3-CF14E1AE435F}.Release|Any CPU.ActiveCfg = Release|Any CPU
		{D994788C-B72F-4351-92F3-CF14E1AE435F}.Release|Any CPU.Build.0 = Release|Any CPU
		{E44410FB-DE3F-4BDD-BF6F-ECBFCAE259AE}.Debug|Any CPU.ActiveCfg = Debug|Any CPU
		{E44410FB-DE3F-4BDD-BF6F-ECBFCAE259AE}.Debug|Any CPU.Build.0 = Debug|Any CPU
		{E44410FB-DE3F-4BDD-BF6F-ECBFCAE259AE}.Release|Any CPU.ActiveCfg = Release|Any CPU
		{E44410FB-DE3F-4BDD-BF6F-ECBFCAE259AE}.Release|Any CPU.Build.0 = Release|Any CPU
		{26704FA2-BD7C-4EB4-81EB-6BEAE5CB4AF5}.Debug|Any CPU.ActiveCfg = Debug|Any CPU
		{26704FA2-BD7C-4EB4-81EB-6BEAE5CB4AF5}.Debug|Any CPU.Build.0 = Debug|Any CPU
		{26704FA2-BD7C-4EB4-81EB-6BEAE5CB4AF5}.Release|Any CPU.ActiveCfg = Release|Any CPU
		{26704FA2-BD7C-4EB4-81EB-6BEAE5CB4AF5}.Release|Any CPU.Build.0 = Release|Any CPU
		{4C8A46CB-90F9-457F-91D7-7186BD168CA4}.Debug|Any CPU.ActiveCfg = Debug|Any CPU
		{4C8A46CB-90F9-457F-91D7-7186BD168CA4}.Debug|Any CPU.Build.0 = Debug|Any CPU
		{4C8A46CB-90F9-457F-91D7-7186BD168CA4}.Release|Any CPU.ActiveCfg = Release|Any CPU
		{4C8A46CB-90F9-457F-91D7-7186BD168CA4}.Release|Any CPU.Build.0 = Release|Any CPU
		{06109F63-AC24-4ABE-8665-B514C6B485F5}.Debug|Any CPU.ActiveCfg = Debug|Any CPU
		{06109F63-AC24-4ABE-8665-B514C6B485F5}.Debug|Any CPU.Build.0 = Debug|Any CPU
		{06109F63-AC24-4ABE-8665-B514C6B485F5}.Release|Any CPU.ActiveCfg = Release|Any CPU
		{06109F63-AC24-4ABE-8665-B514C6B485F5}.Release|Any CPU.Build.0 = Release|Any CPU
	EndGlobalSection
	GlobalSection(SolutionProperties) = preSolution
		HideSolutionNode = FALSE
	EndGlobalSection
	GlobalSection(NestedProjects) = preSolution
		{21531A39-93DD-4A84-8642-6EDE9C31E82A} = {2615ADF6-9F0E-4D94-99B9-1F44B638E374}
		{193F35CF-B1D1-4959-B27F-58EB06965A72} = {2615ADF6-9F0E-4D94-99B9-1F44B638E374}
		{D994788C-B72F-4351-92F3-CF14E1AE435F} = {C5984BD2-1A93-4B60-AAC5-DF585A7AE24D}
		{E44410FB-DE3F-4BDD-BF6F-ECBFCAE259AE} = {C5984BD2-1A93-4B60-AAC5-DF585A7AE24D}
		{26704FA2-BD7C-4EB4-81EB-6BEAE5CB4AF5} = {4C233B47-915F-4F27-A5D6-57144718A4C1}
		{4C8A46CB-90F9-457F-91D7-7186BD168CA4} = {4C233B47-915F-4F27-A5D6-57144718A4C1}
		{2615ADF6-9F0E-4D94-99B9-1F44B638E374} = {3F5864F0-F032-4FA4-A703-451F6B1E4B7A}
		{C5984BD2-1A93-4B60-AAC5-DF585A7AE24D} = {3F5864F0-F032-4FA4-A703-451F6B1E4B7A}
		{4C233B47-915F-4F27-A5D6-57144718A4C1} = {3F5864F0-F032-4FA4-A703-451F6B1E4B7A}
	EndGlobalSection
	GlobalSection(ExtensibilityGlobals) = postSolution
		SolutionGuid = {BCE7A5A6-DCDF-4D67-A6D9-B1836EA77916}
	EndGlobalSection
EndGlobal
